{
    "sensio/framework-extra-bundle": {
        "version": "5.2",
        "recipe": {
            "repo": "github.com/symfony/recipes",
            "branch": "master",
            "version": "5.2",
            "ref": "fb7e19da7f013d0d422fa9bce16f5c510e27609b"
        },
        "files": [
            "config/packages/sensio_framework_extra.yaml"
        ]
    },
    "symfony/form": {
        "version": "v5.3.2"
    },
    "symfony/options-resolver": {
        "version": "v5.3.0"
    },
    "symfony/polyfill-intl-icu": {
        "version": "v1.23.0"
    }
}
